// !$*UTF8*$!
{
	archiveVersion = 1;
	classes = {
	};
	objectVersion = 50;
	objects = {

/* Begin PBXFileReference section */
		2A1D31DC25279ED9005AAC71 /* index.html */ = {isa = PBXFileReference; lastKnownFileType = text.html; path = index.html; sourceTree = "<group>"; };
		2A1D31DD25279ED9005AAC71 /* ESP-Serial-Documentation.txt */ = {isa = PBXFileReference; lastKnownFileType = text; path = "ESP-Serial-Documentation.txt"; sourceTree = "<group>"; };
		2A1D31DE25279ED9005AAC71 /* index1.html */ = {isa = PBXFileReference; lastKnownFileType = text.html; path = index1.html; sourceTree = "<group>"; };
		2A1D31DF25279ED9005AAC71 /* init */ = {isa = PBXFileReference; lastKnownFileType = folder; path = init; sourceTree = "<group>"; };
		2A1D31E025279ED9005AAC71 /* UART2 */ = {isa = PBXFileReference; lastKnownFileType = folder; path = UART2; sourceTree = "<group>"; };
		2A1D31E125279ED9005AAC71 /* ESP */ = {isa = PBXFileReference; lastKnownFileType = folder; path = ESP; sourceTree = "<group>"; };
/* End PBXFileReference section */

/* Begin PBXGroup section */
		2A1D31D525279E1C005AAC71 = {
			isa = PBXGroup;
			children = (
				2A1D31E125279ED9005AAC71 /* ESP */,
				2A1D31DD25279ED9005AAC71 /* ESP-Serial-Documentation.txt */,
				2A1D31DC25279ED9005AAC71 /* index.html */,
				2A1D31DE25279ED9005AAC71 /* index1.html */,
				2A1D31DF25279ED9005AAC71 /* init */,
				2A1D31E025279ED9005AAC71 /* UART2 */,
			);
			sourceTree = "<group>";
		};
/* End PBXGroup section */

/* Begin PBXProject section */
		2A1D31D625279E1C005AAC71 /* Project object */ = {
			isa = PBXProject;
			attributes = {
				LastUpgradeCheck = 1000;
			};
			buildConfigurationList = 2A1D31D925279E1C005AAC71 /* Build configuration list for PBXProject "Arduino-Wifi-Base-Code" */;
			compatibilityVersion = "Xcode 9.3";
			developmentRegion = en;
			hasScannedForEncodings = 0;
			knownRegions = (
				en,
			);
			mainGroup = 2A1D31D525279E1C005AAC71;
			projectDirPath = "";
			projectRoot = "";
			targets = (
			);
		};
/* End PBXProject section */

/* Begin XCBuildConfiguration section */
		2A1D31DA25279E1C005AAC71 /* Debug */ = {
			isa = XCBuildConfiguration;
			buildSettings = {
			};
			name = Debug;
		};
		2A1D31DB25279E1C005AAC71 /* Release */ = {
			isa = XCBuildConfiguration;
			buildSettings = {
			};
			name = Release;
		};
/* End XCBuildConfiguration section */

/* Begin XCConfigurationList section */
		2A1D31D925279E1C005AAC71 /* Build configuration list for PBXProject "Arduino-Wifi-Base-Code" */ = {
			isa = XCConfigurationList;
			buildConfigurations = (
				2A1D31DA25279E1C005AAC71 /* Debug */,
				2A1D31DB25279E1C005AAC71 /* Release */,
			);
			defaultConfigurationIsVisible = 0;
			defaultConfigurationName = Release;
		};
/* End XCConfigurationList section */
	};
	rootObject = 2A1D31D625279E1C005AAC71 /* Project object */;
}
